<Solution>
  <Project Path="Autossential.Workbook.Activities.Packaging/Autossential.Workbook.Activities.Packaging.csproj" />
  <Project Path="Autossential.Workbook.Activities.Tests/Autossential.Workbook.Activities.Tests.csproj" />
  <Project Path="Autossential.Workbook.Activities/Autossential.Workbook.Activities.csproj" />
</Solution>
