
Microsoft Visual Studio Solution File, Format Version 12.00
# Visual Studio Version 17
VisualStudioVersion = 17.0.32014.148
MinimumVisualStudioVersion = 10.0.40219.1
Project("{2150E333-8FDC-42A3-9474-1A3956D46DE8}") = "Shared", "Shared", "{484C57E0-C6DF-4D2F-A67C-D90F81A928F0}"
EndProject
Project("{2150E333-8FDC-42A3-9474-1A3956D46DE8}") = "Solution Items", "Solution Items", "{AAA4A697-7F59-4A55-92A0-0F02347F7D3E}"
	ProjectSection(SolutionItems) = preProject
		.gitignore = .gitignore
		Directory.Build.props = Directory.Build.props
		Directory.Build.targets = Directory.Build.targets
		LICENSE = LICENSE
		README.md = README.md
	EndProjectSection
EndProject
Project("{9A19103F-16F7-4668-BE54-9A1E7A4F7556}") = "Autossential.Workbook.Activities", "source\Autossential.Workbook.Activities\Autossential.Workbook.Activities.csproj", "{B4EEF90E-D60E-494F-A077-2D3447E949F0}"
EndProject
Project("{9A19103F-16F7-4668-BE54-9A1E7A4F7556}") = "Autossential.Workbook.Activities.Design", "source\Autossential.Workbook.Activities.Design\Autossential.Workbook.Activities.Design.csproj", "{B2180406-32F0-457B-956C-5A83B802013A}"
EndProject
Project("{9A19103F-16F7-4668-BE54-9A1E7A4F7556}") = "Autossential.Workbook.Core", "source\Autossential.Workbook.Core\Autossential.Workbook.Core.csproj", "{28DEBDB1-C781-4383-986C-8FD1B62DF7F8}"
EndProject
Project("{9A19103F-16F7-4668-BE54-9A1E7A4F7556}") = "Autossential.Workbook.Tests", "source\Autossential.Workbook.Tests\Autossential.Workbook.Tests.csproj", "{FA1FBB12-90C8-4297-83D5-A91E298EBD52}"
EndProject
Project("{D954291E-2A0B-460D-934E-DC6B0785DB48}") = "Autossential.Shared", "shared\Autossential.Shared\Autossential.Shared.shproj", "{4A817DBB-0C00-4285-A3DB-5A0612A2778A}"
EndProject
Project("{D954291E-2A0B-460D-934E-DC6B0785DB48}") = "Autossential.Shared.Activities", "shared\Autossential.Shared.Activities\Autossential.Shared.Activities.shproj", "{56225E2D-84A1-41C6-9D04-C73FB6B11783}"
EndProject
Project("{D954291E-2A0B-460D-934E-DC6B0785DB48}") = "Autossential.Shared.Activities.Design", "shared\Autossential.Shared.Activities.Design\Autossential.Shared.Activities.Design.shproj", "{036C99D1-87B1-46D1-AED3-4E5E6ECDBAEA}"
EndProject
Project("{D954291E-2A0B-460D-934E-DC6B0785DB48}") = "Autossential.Shared.Tests", "shared\Autossential.Shared.Tests\Autossential.Shared.Tests.shproj", "{013C5DEC-D237-413A-98D2-861FA32D38BB}"
EndProject
Project("{9A19103F-16F7-4668-BE54-9A1E7A4F7556}") = "Autossential.Workbook.Activities.Packaging", "source\Autossential.Workbook.Activities.Packaging\Autossential.Workbook.Activities.Packaging.csproj", "{9DF6F89B-739C-4571-BD40-4A54333CE2D4}"
EndProject
Global
	GlobalSection(SolutionConfigurationPlatforms) = preSolution
		Debug|Any CPU = Debug|Any CPU
		Release|Any CPU = Release|Any CPU
	EndGlobalSection
	GlobalSection(ProjectConfigurationPlatforms) = postSolution
		{B4EEF90E-D60E-494F-A077-2D3447E949F0}.Debug|Any CPU.ActiveCfg = Debug|Any CPU
		{B4EEF90E-D60E-494F-A077-2D3447E949F0}.Debug|Any CPU.Build.0 = Debug|Any CPU
		{B4EEF90E-D60E-494F-A077-2D3447E949F0}.Release|Any CPU.ActiveCfg = Release|Any CPU
		{B4EEF90E-D60E-494F-A077-2D3447E949F0}.Release|Any CPU.Build.0 = Release|Any CPU
		{B2180406-32F0-457B-956C-5A83B802013A}.Debug|Any CPU.ActiveCfg = Debug|Any CPU
		{B2180406-32F0-457B-956C-5A83B802013A}.Debug|Any CPU.Build.0 = Debug|Any CPU
		{B2180406-32F0-457B-956C-5A83B802013A}.Release|Any CPU.ActiveCfg = Release|Any CPU
		{B2180406-32F0-457B-956C-5A83B802013A}.Release|Any CPU.Build.0 = Release|Any CPU
		{28DEBDB1-C781-4383-986C-8FD1B62DF7F8}.Debug|Any CPU.ActiveCfg = Debug|Any CPU
		{28DEBDB1-C781-4383-986C-8FD1B62DF7F8}.Debug|Any CPU.Build.0 = Debug|Any CPU
		{28DEBDB1-C781-4383-986C-8FD1B62DF7F8}.Release|Any CPU.ActiveCfg = Release|Any CPU
		{28DEBDB1-C781-4383-986C-8FD1B62DF7F8}.Release|Any CPU.Build.0 = Release|Any CPU
		{FA1FBB12-90C8-4297-83D5-A91E298EBD52}.Debug|Any CPU.ActiveCfg = Debug|Any CPU
		{FA1FBB12-90C8-4297-83D5-A91E298EBD52}.Debug|Any CPU.Build.0 = Debug|Any CPU
		{FA1FBB12-90C8-4297-83D5-A91E298EBD52}.Release|Any CPU.ActiveCfg = Release|Any CPU
		{FA1FBB12-90C8-4297-83D5-A91E298EBD52}.Release|Any CPU.Build.0 = Release|Any CPU
		{9DF6F89B-739C-4571-BD40-4A54333CE2D4}.Debug|Any CPU.ActiveCfg = Debug|Any CPU
		{9DF6F89B-739C-4571-BD40-4A54333CE2D4}.Debug|Any CPU.Build.0 = Debug|Any CPU
		{9DF6F89B-739C-4571-BD40-4A54333CE2D4}.Release|Any CPU.ActiveCfg = Release|Any CPU
		{9DF6F89B-739C-4571-BD40-4A54333CE2D4}.Release|Any CPU.Build.0 = Release|Any CPU
	EndGlobalSection
	GlobalSection(SolutionProperties) = preSolution
		HideSolutionNode = FALSE
	EndGlobalSection
	GlobalSection(NestedProjects) = preSolution
		{4A817DBB-0C00-4285-A3DB-5A0612A2778A} = {484C57E0-C6DF-4D2F-A67C-D90F81A928F0}
		{56225E2D-84A1-41C6-9D04-C73FB6B11783} = {484C57E0-C6DF-4D2F-A67C-D90F81A928F0}
		{036C99D1-87B1-46D1-AED3-4E5E6ECDBAEA} = {484C57E0-C6DF-4D2F-A67C-D90F81A928F0}
		{013C5DEC-D237-413A-98D2-861FA32D38BB} = {484C57E0-C6DF-4D2F-A67C-D90F81A928F0}
	EndGlobalSection
	GlobalSection(ExtensibilityGlobals) = postSolution
		SolutionGuid = {964A61BB-33BE-4805-BC59-F4456EA985C4}
	EndGlobalSection
	GlobalSection(SharedMSBuildProjectFiles) = preSolution
		shared\Autossential.Shared.Tests\Autossential.Shared.Tests.projitems*{013c5dec-d237-413a-98d2-861fa32d38bb}*SharedItemsImports = 13
		shared\Autossential.Shared.Activities.Design\Autossential.Shared.Activities.Design.projitems*{036c99d1-87b1-46d1-aed3-4e5e6ecdbaea}*SharedItemsImports = 13
		shared\Autossential.Shared\Autossential.Shared.projitems*{4a817dbb-0c00-4285-a3db-5a0612a2778a}*SharedItemsImports = 13
		shared\Autossential.Shared.Activities\Autossential.Shared.Activities.projitems*{56225e2d-84a1-41c6-9d04-c73fb6b11783}*SharedItemsImports = 13
		shared\Autossential.Shared.Activities\Autossential.Shared.Activities.projitems*{b4eef90e-d60e-494f-a077-2d3447e949f0}*SharedItemsImports = 5
		shared\Autossential.Shared\Autossential.Shared.projitems*{b4eef90e-d60e-494f-a077-2d3447e949f0}*SharedItemsImports = 5
		shared\Autossential.Shared.Tests\Autossential.Shared.Tests.projitems*{fa1fbb12-90c8-4297-83d5-a91e298ebd52}*SharedItemsImports = 5
	EndGlobalSection
EndGlobal
